
Microsoft Visual Studio Solution File, Format Version 12.00
# Visual Studio 15
VisualStudioVersion = 15.0.28010.2046
MinimumVisualStudioVersion = 10.0.40219.1
Project("{FAE04EC0-301F-11D3-BF4B-00C04F79EFBC}") = "Constants", "Constants\Constants.csproj", "{6CE31308-D3B3-4468-A294-ABF4F030D1AB}"
EndProject
Project("{FAE04EC0-301F-11D3-BF4B-00C04F79EFBC}") = "Variables", "Variables\Variables.csproj", "{C6A95892-7C22-418A-A25B-9B2E7F4873F7}"
EndProject
Project("{FAE04EC0-301F-11D3-BF4B-00C04F79EFBC}") = "EnumSample", "EnumSample\EnumSample.csproj", "{7E1CBC3D-F35F-4419-B67E-712C82A5855C}"
EndProject
Project("{FAE04EC0-301F-11D3-BF4B-00C04F79EFBC}") = "RefKeyword", "RefKeyword\RefKeyword.csproj", "{C96CACAB-E127-4A9B-840D-5B45ED68DCEA}"
EndProject
Project("{FAE04EC0-301F-11D3-BF4B-00C04F79EFBC}") = "BoxingAndUnboxing", "BoxingAndUnboxing\BoxingAndUnboxing.csproj", "{5C7EBBC6-B7DB-4343-9613-6AE705B0C985}"
EndProject
Project("{FAE04EC0-301F-11D3-BF4B-00C04F79EFBC}") = "IsAndAs", "IsAndAs\IsAndAs.csproj", "{AB59449C-D0B1-43B2-927E-B9EE0F75EEFC}"
EndProject
Global
	GlobalSection(SolutionConfigurationPlatforms) = preSolution
		Debug|Any CPU = Debug|Any CPU
		Release|Any CPU = Release|Any CPU
	EndGlobalSection
	GlobalSection(ProjectConfigurationPlatforms) = postSolution
		{6CE31308-D3B3-4468-A294-ABF4F030D1AB}.Debug|Any CPU.ActiveCfg = Debug|Any CPU
		{6CE31308-D3B3-4468-A294-ABF4F030D1AB}.Debug|Any CPU.Build.0 = Debug|Any CPU
		{6CE31308-D3B3-4468-A294-ABF4F030D1AB}.Release|Any CPU.ActiveCfg = Release|Any CPU
		{6CE31308-D3B3-4468-A294-ABF4F030D1AB}.Release|Any CPU.Build.0 = Release|Any CPU
		{C6A95892-7C22-418A-A25B-9B2E7F4873F7}.Debug|Any CPU.ActiveCfg = Debug|Any CPU
		{C6A95892-7C22-418A-A25B-9B2E7F4873F7}.Debug|Any CPU.Build.0 = Debug|Any CPU
		{C6A95892-7C22-418A-A25B-9B2E7F4873F7}.Release|Any CPU.ActiveCfg = Release|Any CPU
		{C6A95892-7C22-418A-A25B-9B2E7F4873F7}.Release|Any CPU.Build.0 = Release|Any CPU
		{7E1CBC3D-F35F-4419-B67E-712C82A5855C}.Debug|Any CPU.ActiveCfg = Debug|Any CPU
		{7E1CBC3D-F35F-4419-B67E-712C82A5855C}.Debug|Any CPU.Build.0 = Debug|Any CPU
		{7E1CBC3D-F35F-4419-B67E-712C82A5855C}.Release|Any CPU.ActiveCfg = Release|Any CPU
		{7E1CBC3D-F35F-4419-B67E-712C82A5855C}.Release|Any CPU.Build.0 = Release|Any CPU
		{C96CACAB-E127-4A9B-840D-5B45ED68DCEA}.Debug|Any CPU.ActiveCfg = Debug|Any CPU
		{C96CACAB-E127-4A9B-840D-5B45ED68DCEA}.Debug|Any CPU.Build.0 = Debug|Any CPU
		{C96CACAB-E127-4A9B-840D-5B45ED68DCEA}.Release|Any CPU.ActiveCfg = Release|Any CPU
		{C96CACAB-E127-4A9B-840D-5B45ED68DCEA}.Release|Any CPU.Build.0 = Release|Any CPU
		{5C7EBBC6-B7DB-4343-9613-6AE705B0C985}.Debug|Any CPU.ActiveCfg = Debug|Any CPU
		{5C7EBBC6-B7DB-4343-9613-6AE705B0C985}.Debug|Any CPU.Build.0 = Debug|Any CPU
		{5C7EBBC6-B7DB-4343-9613-6AE705B0C985}.Release|Any CPU.ActiveCfg = Release|Any CPU
		{5C7EBBC6-B7DB-4343-9613-6AE705B0C985}.Release|Any CPU.Build.0 = Release|Any CPU
		{AB59449C-D0B1-43B2-927E-B9EE0F75EEFC}.Debug|Any CPU.ActiveCfg = Debug|Any CPU
		{AB59449C-D0B1-43B2-927E-B9EE0F75EEFC}.Debug|Any CPU.Build.0 = Debug|Any CPU
		{AB59449C-D0B1-43B2-927E-B9EE0F75EEFC}.Release|Any CPU.ActiveCfg = Release|Any CPU
		{AB59449C-D0B1-43B2-927E-B9EE0F75EEFC}.Release|Any CPU.Build.0 = Release|Any CPU
	EndGlobalSection
	GlobalSection(SolutionProperties) = preSolution
		HideSolutionNode = FALSE
	EndGlobalSection
	GlobalSection(ExtensibilityGlobals) = postSolution
		SolutionGuid = {0F990F86-3A09-4273-ABE4-92D74E1082C5}
	EndGlobalSection
EndGlobal
